
Microsoft Visual Studio Solution File, Format Version 12.00
# Visual Studio 2013
VisualStudioVersion = 12.0.21005.1
MinimumVisualStudioVersion = 10.0.40219.1
Project("{FAE04EC0-301F-11D3-BF4B-00C04F79EFBC}") = "UGRS.Core", "UGRS.Core\UGRS.Core.csproj", "{94ECC66F-57E7-4637-902D-2873CC636320}"
EndProject
Project("{FAE04EC0-301F-11D3-BF4B-00C04F79EFBC}") = "UGRS.Core.SDK", "UGRS.Core.SDK\UGRS.Core.SDK.csproj", "{19131849-410B-4C79-9C46-6FE46915E315}"
EndProject
Project("{FAE04EC0-301F-11D3-BF4B-00C04F79EFBC}") = "UGRS.Core.SDK.UI", "UGRS.Core.SDK.UI\UGRS.Core.SDK.UI.csproj", "{BAF4F5CB-2544-4451-B270-E66F74C3ED4A}"
EndProject
Project("{FAE04EC0-301F-11D3-BF4B-00C04F79EFBC}") = "UGRS.Core.SDK.DI", "UGRS.Core.SDK.DI\UGRS.Core.SDK.DI.csproj", "{909B9975-2B24-41EF-ABB0-D90B904D75DD}"
EndProject
Project("{FAE04EC0-301F-11D3-BF4B-00C04F79EFBC}") = "UGRS.Core.SDK.DI.Permissions", "UGRS.Core.SDK.DI.Permissions\UGRS.Core.SDK.DI.Permissions.csproj", "{C3E06DD5-208D-4136-8E7B-F3FBD4E58082}"
EndProject
Project("{FAE04EC0-301F-11D3-BF4B-00C04F79EFBC}") = "UGRS.Core.SDK.DI.GPS", "UGRS.Core.SDK.DI.GPS\UGRS.Core.SDK.DI.GPS.csproj", "{BB6DD1CF-49B1-4761-8FFB-D0C05DA1E319}"
EndProject
Project("{FAE04EC0-301F-11D3-BF4B-00C04F79EFBC}") = "UGRS.Service.GPS", "UGRS.Service.GPS\UGRS.Service.GPS.csproj", "{9AC747E9-BAFE-48B9-91D3-852C5365A76D}"
EndProject
Project("{FAE04EC0-301F-11D3-BF4B-00C04F79EFBC}") = "UGRS.WebService.Permissions", "UGRS.WebService.Permissions\UGRS.WebService.Permissions.csproj", "{1A74D481-0BC1-4A9A-9DCB-F7FA5E35FDB6}"
EndProject
Project("{FAE04EC0-301F-11D3-BF4B-00C04F79EFBC}") = "UGRS.Core.SDK.DI.Auctions", "UGRS.Core.SDK.DI.Auctions\UGRS.Core.SDK.DI.Auctions.csproj", "{A3D3B288-95B2-4A3D-9128-06DEDF09D7F4}"
EndProject
Project("{FAE04EC0-301F-11D3-BF4B-00C04F79EFBC}") = "UGRS", "UGRS\UGRS.csproj", "{31E0050B-8479-46BF-8834-62AA538A26D4}"
EndProject
Project("{FAE04EC0-301F-11D3-BF4B-00C04F79EFBC}") = "UGRS.AddOn.Configuration", "UGRS.AddOn.Configuration\UGRS.AddOn.Configuration.csproj", "{2B374526-7E86-44EC-88C8-1AEA41C0A934}"
EndProject
Project("{FAE04EC0-301F-11D3-BF4B-00C04F79EFBC}") = "UGRS.Core.SDK.DI.Configuration", "UGRS.Core.SDK.DI.Configuration\UGRS.Core.SDK.DI.Configuration.csproj", "{57FF7654-A696-457C-80F2-0BE6410D7C34}"
EndProject
Project("{FAE04EC0-301F-11D3-BF4B-00C04F79EFBC}") = "UGRS.Application.Auctions", "UGRS.Application.Auction\UGRS.Application.Auctions.csproj", "{49DA00AE-D525-4882-8C20-B877411204D9}"
EndProject
Project("{FAE04EC0-301F-11D3-BF4B-00C04F79EFBC}") = "UGRS.Core.Auctions", "UGRS.Core.Auctions\UGRS.Core.Auctions.csproj", "{1FF60116-695A-48EA-B4AD-2B780A0E95DE}"
EndProject
Project("{FAE04EC0-301F-11D3-BF4B-00C04F79EFBC}") = "UGRS.Data.Auctions", "UGRS.Data.Auctions\UGRS.Data.Auctions.csproj", "{37DFFD4B-A7B1-4700-B348-66B12CA07B58}"
EndProject
Project("{FAE04EC0-301F-11D3-BF4B-00C04F79EFBC}") = "UGRS.WebService.Inspection", "UGRS.WebService.Inspection\UGRS.WebService.Inspection.csproj", "{EAD870B6-5867-4292-BE49-91346D2649F2}"
EndProject
Project("{FAE04EC0-301F-11D3-BF4B-00C04F79EFBC}") = "UGRS.Service.Boards", "UGRS.Service.Boards\UGRS.Service.Boards.csproj", "{28BBFC1E-D6BA-409F-BA06-7E22EFBF164E}"
EndProject
Project("{FAE04EC0-301F-11D3-BF4B-00C04F79EFBC}") = "UGRS.Service.WeighingMachine", "UGRS.Service.WeighingMachine\UGRS.Service.WeighingMachine.csproj", "{880B203B-D315-4060-8947-AE93364E699B}"
EndProject
Project("{FAE04EC0-301F-11D3-BF4B-00C04F79EFBC}") = "UGRS.Service.Auctions", "UGRS.Service.Auctions\UGRS.Service.Auctions.csproj", "{7B99E152-2E1C-4D4A-80B8-E65CD63AFB82}"
EndProject
Project("{FAE04EC0-301F-11D3-BF4B-00C04F79EFBC}") = "UGRS.Object.Boards", "UGRS.Object.Boards\UGRS.Object.Boards.csproj", "{A7117AB4-3CFC-49B8-9DD8-95B32A86E17D}"
EndProject
Project("{FAE04EC0-301F-11D3-BF4B-00C04F79EFBC}") = "UGRS.Object.WeighingMachine", "UGRS.Object.WeighingMachine\UGRS.Object.WeighingMachine.csproj", "{6214FEF9-9914-44C7-8A78-CF95C4FE58CE}"
EndProject
Project("{FAE04EC0-301F-11D3-BF4B-00C04F79EFBC}") = "WPF.MDI", "WPF.MDI\WPF.MDI.csproj", "{BE1ED569-5E0B-4DF0-8964-33AD2AAE4C4A}"
EndProject
Project("{FAE04EC0-301F-11D3-BF4B-00C04F79EFBC}") = "UGRS.AddOn.ExtractsBanking", "UGRS.AddOn.ExtractsBanking\UGRS.AddOn.ExtractsBanking.csproj", "{AC3A8908-0254-49BD-9E16-048DAA28C1F1}"
EndProject
Project("{FAE04EC0-301F-11D3-BF4B-00C04F79EFBC}") = "UGRS.AddOn.PurchaseInvoice", "UGRS.AddOn.PurchaseInvoice\UGRS.AddOn.PurchaseInvoice.csproj", "{1E173C52-1571-4971-A19D-6CD992104974}"
EndProject
Project("{FAE04EC0-301F-11D3-BF4B-00C04F79EFBC}") = "UGRS.AddOn.Cuarentenarias", "UGRS.AddOn.Cuarentenarias\UGRS.AddOn.Cuarentenarias.csproj", "{7EE1DB90-CFFA-445B-B3BE-E813BDF577A6}"
EndProject
Project("{FAE04EC0-301F-11D3-BF4B-00C04F79EFBC}") = "UGRS.Application.ServiceManager", "UGRS.Application.ServiceManager\UGRS.Application.ServiceManager.csproj", "{8265E840-D680-43AE-9ADF-F85B59117EA2}"
EndProject
Project("{FAE04EC0-301F-11D3-BF4B-00C04F79EFBC}") = "UGRS.AddOn.Corrals", "UGRS.AddOn.Corrals\UGRS.AddOn.Corrals.csproj", "{595BABE4-DB7C-4F36-AF6B-DF7264349E11}"
EndProject
Project("{FAE04EC0-301F-11D3-BF4B-00C04F79EFBC}") = "UGRS.AddOn.Traslados", "UGRS.AddOn.Traslados\UGRS.AddOn.Traslados.csproj", "{388A46E0-C37C-4B54-A1E9-48B230109932}"
EndProject
Project("{FAE04EC0-301F-11D3-BF4B-00C04F79EFBC}") = "UGRS.Core.Application", "UGRS.Core.Application\UGRS.Core.Application.csproj", "{7E08565A-7027-4E83-A65D-A4C63C826173}"
EndProject
Project("{FAE04EC0-301F-11D3-BF4B-00C04F79EFBC}") = "UGRS.Application.WeighingMachineTest", "UGRS.Application.WeighingMachineTest\UGRS.Application.WeighingMachineTest.csproj", "{240CC819-A0E2-4E3A-8E47-1DACCF12A077}"
EndProject
Project("{FAE04EC0-301F-11D3-BF4B-00C04F79EFBC}") = "UGRS.Application.BoardsTest", "UGRS.Application.BoardsTest\UGRS.Application.BoardsTest.csproj", "{902A7EA2-23C9-4032-A000-36E12F6C0E4E}"
EndProject
Project("{FAE04EC0-301F-11D3-BF4B-00C04F79EFBC}") = "UGRS.Core.SDK.DI.FoodProduction", "UGRS.Core.SDK.DI.FoodProduction\UGRS.Core.SDK.DI.FoodProduction.csproj", "{F6025175-8CB5-410F-967B-7DE8379C9004}"
EndProject
Project("{FAE04EC0-301F-11D3-BF4B-00C04F79EFBC}") = "UGRS.AddOn.TablesAndFields", "UGRS.AddOn.TablesAndFields\UGRS.AddOn.TablesAndFields.csproj", "{C1D96913-F384-4425-88B3-6A06F25C6EDD}"
EndProject
Project("{FAE04EC0-301F-11D3-BF4B-00C04F79EFBC}") = "UGRS.Reports.Auctions", "UGRS.Reports.Auctions\UGRS.Reports.Auctions.csproj", "{AAA28D22-0B47-4E2A-932C-EF89CD314307}"
EndProject
Project("{FAE04EC0-301F-11D3-BF4B-00C04F79EFBC}") = "UGRS.AddOn.CreditAndCollection", "UGRS.AddOn.CreditAndCollection\UGRS.AddOn.CreditAndCollection.csproj", "{AC656711-AF05-459E-A77A-C073D740A527}"
EndProject
Project("{FAE04EC0-301F-11D3-BF4B-00C04F79EFBC}") = "UGRS.Object.Auctions", "UGRS.Object.Auctions\UGRS.Object.Auctions.csproj", "{E0137DEC-58C3-4C2A-9BFD-B6287FCDCDCD}"
EndProject
Project("{54435603-DBB4-11D2-8724-00A0C9A8B90C}") = "UGRS.Installer.WeighingMachineService", "UGRS.Installer.WeighingMachineService\UGRS.Installer.WeighingMachineService.vdproj", "{FC789CF9-5928-4F9C-BED3-A42B99F8513B}"
EndProject
Project("{54435603-DBB4-11D2-8724-00A0C9A8B90C}") = "UGRS.Installer.BoardsService", "UGRS.Installer.BoardsService\UGRS.Installer.BoardsService.vdproj", "{55AFF630-1626-4431-AE1B-5E21CCCA20D3}"
EndProject
Project("{54435603-DBB4-11D2-8724-00A0C9A8B90C}") = "UGRS.Installer.ServiceManager", "UGRS.Installer.ServiceManager\UGRS.Installer.ServiceManager.vdproj", "{6C61E671-D2A7-4294-9B34-8AE3FD202C2A}"
EndProject
Project("{54435603-DBB4-11D2-8724-00A0C9A8B90C}") = "UGRS.Installer.AuctionsApplication", "UGRS.Installer.AuctionsApplication\UGRS.Installer.AuctionsApplication.vdproj", "{7DBE6BED-8886-4A00-9125-54BEE5B01062}"
EndProject
Project("{54435603-DBB4-11D2-8724-00A0C9A8B90C}") = "UGRS.Installer.AuctionsService", "UGRS.Installer.AuctionsService\UGRS.Installer.AuctionsService.vdproj", "{E43AB0E8-C34C-43DF-931D-5BA63BA08526}"
EndProject
Project("{FAE04EC0-301F-11D3-BF4B-00C04F79EFBC}") = "UGRS.AddOn.BatchesCreation", "UGRS.AddOn.BatchesCreation\UGRS.AddOn.BatchesCreation.csproj", "{9F295FF0-268B-40EC-8A05-0E8FD70418F5}"
EndProject
Global
	GlobalSection(SolutionConfigurationPlatforms) = preSolution
		Debug|Any CPU = Debug|Any CPU
		Debug|x64 = Debug|x64
		Debug|x86 = Debug|x86
		Release|Any CPU = Release|Any CPU
		Release|x64 = Release|x64
		Release|x86 = Release|x86
	EndGlobalSection
	GlobalSection(ProjectConfigurationPlatforms) = postSolution
		{94ECC66F-57E7-4637-902D-2873CC636320}.Debug|Any CPU.ActiveCfg = Debug|Any CPU
		{94ECC66F-57E7-4637-902D-2873CC636320}.Debug|Any CPU.Build.0 = Debug|Any CPU
		{94ECC66F-57E7-4637-902D-2873CC636320}.Debug|x64.ActiveCfg = Debug|x64
		{94ECC66F-57E7-4637-902D-2873CC636320}.Debug|x64.Build.0 = Debug|x64
		{94ECC66F-57E7-4637-902D-2873CC636320}.Debug|x86.ActiveCfg = Debug|x86
		{94ECC66F-57E7-4637-902D-2873CC636320}.Debug|x86.Build.0 = Debug|x86
		{94ECC66F-57E7-4637-902D-2873CC636320}.Release|Any CPU.ActiveCfg = Release|Any CPU
		{94ECC66F-57E7-4637-902D-2873CC636320}.Release|Any CPU.Build.0 = Release|Any CPU
		{94ECC66F-57E7-4637-902D-2873CC636320}.Release|x64.ActiveCfg = Release|x64
		{94ECC66F-57E7-4637-902D-2873CC636320}.Release|x64.Build.0 = Release|x64
		{94ECC66F-57E7-4637-902D-2873CC636320}.Release|x86.ActiveCfg = Release|x86
		{94ECC66F-57E7-4637-902D-2873CC636320}.Release|x86.Build.0 = Release|x86
		{19131849-410B-4C79-9C46-6FE46915E315}.Debug|Any CPU.ActiveCfg = Debug|Any CPU
		{19131849-410B-4C79-9C46-6FE46915E315}.Debug|Any CPU.Build.0 = Debug|Any CPU
		{19131849-410B-4C79-9C46-6FE46915E315}.Debug|x64.ActiveCfg = Debug|x64
		{19131849-410B-4C79-9C46-6FE46915E315}.Debug|x64.Build.0 = Debug|x64
		{19131849-410B-4C79-9C46-6FE46915E315}.Debug|x86.ActiveCfg = Debug|x86
		{19131849-410B-4C79-9C46-6FE46915E315}.Debug|x86.Build.0 = Debug|x86
		{19131849-410B-4C79-9C46-6FE46915E315}.Release|Any CPU.ActiveCfg = Release|Any CPU
		{19131849-410B-4C79-9C46-6FE46915E315}.Release|Any CPU.Build.0 = Release|Any CPU
		{19131849-410B-4C79-9C46-6FE46915E315}.Release|x64.ActiveCfg = Release|x64
		{19131849-410B-4C79-9C46-6FE46915E315}.Release|x64.Build.0 = Release|x64
		{19131849-410B-4C79-9C46-6FE46915E315}.Release|x86.ActiveCfg = Release|x86
		{19131849-410B-4C79-9C46-6FE46915E315}.Release|x86.Build.0 = Release|x86
		{BAF4F5CB-2544-4451-B270-E66F74C3ED4A}.Debug|Any CPU.ActiveCfg = Debug|Any CPU
		{BAF4F5CB-2544-4451-B270-E66F74C3ED4A}.Debug|Any CPU.Build.0 = Debug|Any CPU
		{BAF4F5CB-2544-4451-B270-E66F74C3ED4A}.Debug|x64.ActiveCfg = Debug|x64
		{BAF4F5CB-2544-4451-B270-E66F74C3ED4A}.Debug|x64.Build.0 = Debug|x64
		{BAF4F5CB-2544-4451-B270-E66F74C3ED4A}.Debug|x86.ActiveCfg = Debug|x86
		{BAF4F5CB-2544-4451-B270-E66F74C3ED4A}.Debug|x86.Build.0 = Debug|x86
		{BAF4F5CB-2544-4451-B270-E66F74C3ED4A}.Release|Any CPU.ActiveCfg = Release|Any CPU
		{BAF4F5CB-2544-4451-B270-E66F74C3ED4A}.Release|Any CPU.Build.0 = Release|Any CPU
		{BAF4F5CB-2544-4451-B270-E66F74C3ED4A}.Release|x64.ActiveCfg = Release|x64
		{BAF4F5CB-2544-4451-B270-E66F74C3ED4A}.Release|x64.Build.0 = Release|x64
		{BAF4F5CB-2544-4451-B270-E66F74C3ED4A}.Release|x86.ActiveCfg = Release|x86
		{BAF4F5CB-2544-4451-B270-E66F74C3ED4A}.Release|x86.Build.0 = Release|x86
		{909B9975-2B24-41EF-ABB0-D90B904D75DD}.Debug|Any CPU.ActiveCfg = Debug|Any CPU
		{909B9975-2B24-41EF-ABB0-D90B904D75DD}.Debug|Any CPU.Build.0 = Debug|Any CPU
		{909B9975-2B24-41EF-ABB0-D90B904D75DD}.Debug|x64.ActiveCfg = Debug|x64
		{909B9975-2B24-41EF-ABB0-D90B904D75DD}.Debug|x64.Build.0 = Debug|x64
		{909B9975-2B24-41EF-ABB0-D90B904D75DD}.Debug|x86.ActiveCfg = Debug|x86
		{909B9975-2B24-41EF-ABB0-D90B904D75DD}.Debug|x86.Build.0 = Debug|x86
		{909B9975-2B24-41EF-ABB0-D90B904D75DD}.Release|Any CPU.ActiveCfg = Release|Any CPU
		{909B9975-2B24-41EF-ABB0-D90B904D75DD}.Release|Any CPU.Build.0 = Release|Any CPU
		{909B9975-2B24-41EF-ABB0-D90B904D75DD}.Release|x64.ActiveCfg = Release|x64
		{909B9975-2B24-41EF-ABB0-D90B904D75DD}.Release|x64.Build.0 = Release|x64
		{909B9975-2B24-41EF-ABB0-D90B904D75DD}.Release|x86.ActiveCfg = Release|x86
		{909B9975-2B24-41EF-ABB0-D90B904D75DD}.Release|x86.Build.0 = Release|x86
		{C3E06DD5-208D-4136-8E7B-F3FBD4E58082}.Debug|Any CPU.ActiveCfg = Debug|Any CPU
		{C3E06DD5-208D-4136-8E7B-F3FBD4E58082}.Debug|Any CPU.Build.0 = Debug|Any CPU
		{C3E06DD5-208D-4136-8E7B-F3FBD4E58082}.Debug|x64.ActiveCfg = Debug|x64
		{C3E06DD5-208D-4136-8E7B-F3FBD4E58082}.Debug|x64.Build.0 = Debug|x64
		{C3E06DD5-208D-4136-8E7B-F3FBD4E58082}.Debug|x86.ActiveCfg = Debug|x86
		{C3E06DD5-208D-4136-8E7B-F3FBD4E58082}.Debug|x86.Build.0 = Debug|x86
		{C3E06DD5-208D-4136-8E7B-F3FBD4E58082}.Release|Any CPU.ActiveCfg = Release|Any CPU
		{C3E06DD5-208D-4136-8E7B-F3FBD4E58082}.Release|Any CPU.Build.0 = Release|Any CPU
		{C3E06DD5-208D-4136-8E7B-F3FBD4E58082}.Release|x64.ActiveCfg = Release|x64
		{C3E06DD5-208D-4136-8E7B-F3FBD4E58082}.Release|x64.Build.0 = Release|x64
		{C3E06DD5-208D-4136-8E7B-F3FBD4E58082}.Release|x86.ActiveCfg = Release|x86
		{C3E06DD5-208D-4136-8E7B-F3FBD4E58082}.Release|x86.Build.0 = Release|x86
		{BB6DD1CF-49B1-4761-8FFB-D0C05DA1E319}.Debug|Any CPU.ActiveCfg = Debug|Any CPU
		{BB6DD1CF-49B1-4761-8FFB-D0C05DA1E319}.Debug|Any CPU.Build.0 = Debug|Any CPU
		{BB6DD1CF-49B1-4761-8FFB-D0C05DA1E319}.Debug|x64.ActiveCfg = Debug|x64
		{BB6DD1CF-49B1-4761-8FFB-D0C05DA1E319}.Debug|x64.Build.0 = Debug|x64
		{BB6DD1CF-49B1-4761-8FFB-D0C05DA1E319}.Debug|x86.ActiveCfg = Debug|x86
		{BB6DD1CF-49B1-4761-8FFB-D0C05DA1E319}.Debug|x86.Build.0 = Debug|x86
		{BB6DD1CF-49B1-4761-8FFB-D0C05DA1E319}.Release|Any CPU.ActiveCfg = Release|Any CPU
		{BB6DD1CF-49B1-4761-8FFB-D0C05DA1E319}.Release|Any CPU.Build.0 = Release|Any CPU
		{BB6DD1CF-49B1-4761-8FFB-D0C05DA1E319}.Release|x64.ActiveCfg = Release|x64
		{BB6DD1CF-49B1-4761-8FFB-D0C05DA1E319}.Release|x64.Build.0 = Release|x64
		{BB6DD1CF-49B1-4761-8FFB-D0C05DA1E319}.Release|x86.ActiveCfg = Release|x86
		{BB6DD1CF-49B1-4761-8FFB-D0C05DA1E319}.Release|x86.Build.0 = Release|x86
		{9AC747E9-BAFE-48B9-91D3-852C5365A76D}.Debug|Any CPU.ActiveCfg = Debug|Any CPU
		{9AC747E9-BAFE-48B9-91D3-852C5365A76D}.Debug|Any CPU.Build.0 = Debug|Any CPU
		{9AC747E9-BAFE-48B9-91D3-852C5365A76D}.Debug|x64.ActiveCfg = Debug|x64
		{9AC747E9-BAFE-48B9-91D3-852C5365A76D}.Debug|x64.Build.0 = Debug|x64
		{9AC747E9-BAFE-48B9-91D3-852C5365A76D}.Debug|x86.ActiveCfg = Debug|x86
		{9AC747E9-BAFE-48B9-91D3-852C5365A76D}.Debug|x86.Build.0 = Debug|x86
		{9AC747E9-BAFE-48B9-91D3-852C5365A76D}.Release|Any CPU.ActiveCfg = Release|Any CPU
		{9AC747E9-BAFE-48B9-91D3-852C5365A76D}.Release|Any CPU.Build.0 = Release|Any CPU
		{9AC747E9-BAFE-48B9-91D3-852C5365A76D}.Release|x64.ActiveCfg = Release|x64
		{9AC747E9-BAFE-48B9-91D3-852C5365A76D}.Release|x64.Build.0 = Release|x64
		{9AC747E9-BAFE-48B9-91D3-852C5365A76D}.Release|x86.ActiveCfg = Release|x86
		{9AC747E9-BAFE-48B9-91D3-852C5365A76D}.Release|x86.Build.0 = Release|x86
		{1A74D481-0BC1-4A9A-9DCB-F7FA5E35FDB6}.Debug|Any CPU.ActiveCfg = Debug|Any CPU
		{1A74D481-0BC1-4A9A-9DCB-F7FA5E35FDB6}.Debug|Any CPU.Build.0 = Debug|Any CPU
		{1A74D481-0BC1-4A9A-9DCB-F7FA5E35FDB6}.Debug|x64.ActiveCfg = Debug|x64
		{1A74D481-0BC1-4A9A-9DCB-F7FA5E35FDB6}.Debug|x64.Build.0 = Debug|x64
		{1A74D481-0BC1-4A9A-9DCB-F7FA5E35FDB6}.Debug|x86.ActiveCfg = Debug|x86
		{1A74D481-0BC1-4A9A-9DCB-F7FA5E35FDB6}.Debug|x86.Build.0 = Debug|x86
		{1A74D481-0BC1-4A9A-9DCB-F7FA5E35FDB6}.Release|Any CPU.ActiveCfg = Release|Any CPU
		{1A74D481-0BC1-4A9A-9DCB-F7FA5E35FDB6}.Release|Any CPU.Build.0 = Release|Any CPU
		{1A74D481-0BC1-4A9A-9DCB-F7FA5E35FDB6}.Release|x64.ActiveCfg = Release|x64
		{1A74D481-0BC1-4A9A-9DCB-F7FA5E35FDB6}.Release|x64.Build.0 = Release|x64
		{1A74D481-0BC1-4A9A-9DCB-F7FA5E35FDB6}.Release|x86.ActiveCfg = Release|x86
		{1A74D481-0BC1-4A9A-9DCB-F7FA5E35FDB6}.Release|x86.Build.0 = Release|x86
		{A3D3B288-95B2-4A3D-9128-06DEDF09D7F4}.Debug|Any CPU.ActiveCfg = Debug|Any CPU
		{A3D3B288-95B2-4A3D-9128-06DEDF09D7F4}.Debug|Any CPU.Build.0 = Debug|Any CPU
		{A3D3B288-95B2-4A3D-9128-06DEDF09D7F4}.Debug|x64.ActiveCfg = Debug|x64
		{A3D3B288-95B2-4A3D-9128-06DEDF09D7F4}.Debug|x64.Build.0 = Debug|x64
		{A3D3B288-95B2-4A3D-9128-06DEDF09D7F4}.Debug|x86.ActiveCfg = Debug|x86
		{A3D3B288-95B2-4A3D-9128-06DEDF09D7F4}.Debug|x86.Build.0 = Debug|x86
		{A3D3B288-95B2-4A3D-9128-06DEDF09D7F4}.Release|Any CPU.ActiveCfg = Release|Any CPU
		{A3D3B288-95B2-4A3D-9128-06DEDF09D7F4}.Release|Any CPU.Build.0 = Release|Any CPU
		{A3D3B288-95B2-4A3D-9128-06DEDF09D7F4}.Release|x64.ActiveCfg = Release|x64
		{A3D3B288-95B2-4A3D-9128-06DEDF09D7F4}.Release|x64.Build.0 = Release|x64
		{A3D3B288-95B2-4A3D-9128-06DEDF09D7F4}.Release|x86.ActiveCfg = Release|x86
		{A3D3B288-95B2-4A3D-9128-06DEDF09D7F4}.Release|x86.Build.0 = Release|x86
		{31E0050B-8479-46BF-8834-62AA538A26D4}.Debug|Any CPU.ActiveCfg = Debug|Any CPU
		{31E0050B-8479-46BF-8834-62AA538A26D4}.Debug|Any CPU.Build.0 = Debug|Any CPU
		{31E0050B-8479-46BF-8834-62AA538A26D4}.Debug|x64.ActiveCfg = Debug|Any CPU
		{31E0050B-8479-46BF-8834-62AA538A26D4}.Debug|x86.ActiveCfg = Debug|Any CPU
		{31E0050B-8479-46BF-8834-62AA538A26D4}.Release|Any CPU.ActiveCfg = Release|Any CPU
		{31E0050B-8479-46BF-8834-62AA538A26D4}.Release|Any CPU.Build.0 = Release|Any CPU
		{31E0050B-8479-46BF-8834-62AA538A26D4}.Release|x64.ActiveCfg = Release|Any CPU
		{31E0050B-8479-46BF-8834-62AA538A26D4}.Release|x86.ActiveCfg = Release|Any CPU
		{2B374526-7E86-44EC-88C8-1AEA41C0A934}.Debug|Any CPU.ActiveCfg = Debug|Any CPU
		{2B374526-7E86-44EC-88C8-1AEA41C0A934}.Debug|Any CPU.Build.0 = Debug|Any CPU
		{2B374526-7E86-44EC-88C8-1AEA41C0A934}.Debug|x64.ActiveCfg = Debug|x64
		{2B374526-7E86-44EC-88C8-1AEA41C0A934}.Debug|x64.Build.0 = Debug|x64
		{2B374526-7E86-44EC-88C8-1AEA41C0A934}.Debug|x86.ActiveCfg = Debug|x86
		{2B374526-7E86-44EC-88C8-1AEA41C0A934}.Debug|x86.Build.0 = Debug|x86
		{2B374526-7E86-44EC-88C8-1AEA41C0A934}.Release|Any CPU.ActiveCfg = Release|Any CPU
		{2B374526-7E86-44EC-88C8-1AEA41C0A934}.Release|Any CPU.Build.0 = Release|Any CPU
		{2B374526-7E86-44EC-88C8-1AEA41C0A934}.Release|x64.ActiveCfg = Release|x64
		{2B374526-7E86-44EC-88C8-1AEA41C0A934}.Release|x64.Build.0 = Release|x64
		{2B374526-7E86-44EC-88C8-1AEA41C0A934}.Release|x86.ActiveCfg = Release|x86
		{2B374526-7E86-44EC-88C8-1AEA41C0A934}.Release|x86.Build.0 = Release|x86
		{57FF7654-A696-457C-80F2-0BE6410D7C34}.Debug|Any CPU.ActiveCfg = Debug|Any CPU
		{57FF7654-A696-457C-80F2-0BE6410D7C34}.Debug|Any CPU.Build.0 = Debug|Any CPU
		{57FF7654-A696-457C-80F2-0BE6410D7C34}.Debug|x64.ActiveCfg = Debug|x64
		{57FF7654-A696-457C-80F2-0BE6410D7C34}.Debug|x64.Build.0 = Debug|x64
		{57FF7654-A696-457C-80F2-0BE6410D7C34}.Debug|x86.ActiveCfg = Debug|x86
		{57FF7654-A696-457C-80F2-0BE6410D7C34}.Debug|x86.Build.0 = Debug|x86
		{57FF7654-A696-457C-80F2-0BE6410D7C34}.Release|Any CPU.ActiveCfg = Release|Any CPU
		{57FF7654-A696-457C-80F2-0BE6410D7C34}.Release|Any CPU.Build.0 = Release|Any CPU
		{57FF7654-A696-457C-80F2-0BE6410D7C34}.Release|x64.ActiveCfg = Release|x64
		{57FF7654-A696-457C-80F2-0BE6410D7C34}.Release|x64.Build.0 = Release|x64
		{57FF7654-A696-457C-80F2-0BE6410D7C34}.Release|x86.ActiveCfg = Release|x86
		{57FF7654-A696-457C-80F2-0BE6410D7C34}.Release|x86.Build.0 = Release|x86
		{49DA00AE-D525-4882-8C20-B877411204D9}.Debug|Any CPU.ActiveCfg = Debug|Any CPU
		{49DA00AE-D525-4882-8C20-B877411204D9}.Debug|Any CPU.Build.0 = Debug|Any CPU
		{49DA00AE-D525-4882-8C20-B877411204D9}.Debug|x64.ActiveCfg = Debug|x64
		{49DA00AE-D525-4882-8C20-B877411204D9}.Debug|x64.Build.0 = Debug|x64
		{49DA00AE-D525-4882-8C20-B877411204D9}.Debug|x86.ActiveCfg = Debug|x86
		{49DA00AE-D525-4882-8C20-B877411204D9}.Debug|x86.Build.0 = Debug|x86
		{49DA00AE-D525-4882-8C20-B877411204D9}.Release|Any CPU.ActiveCfg = Release|Any CPU
		{49DA00AE-D525-4882-8C20-B877411204D9}.Release|Any CPU.Build.0 = Release|Any CPU
		{49DA00AE-D525-4882-8C20-B877411204D9}.Release|x64.ActiveCfg = Release|x64
		{49DA00AE-D525-4882-8C20-B877411204D9}.Release|x64.Build.0 = Release|x64
		{49DA00AE-D525-4882-8C20-B877411204D9}.Release|x86.ActiveCfg = Release|x86
		{49DA00AE-D525-4882-8C20-B877411204D9}.Release|x86.Build.0 = Release|x86
		{1FF60116-695A-48EA-B4AD-2B780A0E95DE}.Debug|Any CPU.ActiveCfg = Debug|Any CPU
		{1FF60116-695A-48EA-B4AD-2B780A0E95DE}.Debug|Any CPU.Build.0 = Debug|Any CPU
		{1FF60116-695A-48EA-B4AD-2B780A0E95DE}.Debug|x64.ActiveCfg = Debug|x64
		{1FF60116-695A-48EA-B4AD-2B780A0E95DE}.Debug|x64.Build.0 = Debug|x64
		{1FF60116-695A-48EA-B4AD-2B780A0E95DE}.Debug|x86.ActiveCfg = Debug|x86
		{1FF60116-695A-48EA-B4AD-2B780A0E95DE}.Debug|x86.Build.0 = Debug|x86
		{1FF60116-695A-48EA-B4AD-2B780A0E95DE}.Release|Any CPU.ActiveCfg = Release|Any CPU
		{1FF60116-695A-48EA-B4AD-2B780A0E95DE}.Release|Any CPU.Build.0 = Release|Any CPU
		{1FF60116-695A-48EA-B4AD-2B780A0E95DE}.Release|x64.ActiveCfg = Release|x64
		{1FF60116-695A-48EA-B4AD-2B780A0E95DE}.Release|x64.Build.0 = Release|x64
		{1FF60116-695A-48EA-B4AD-2B780A0E95DE}.Release|x86.ActiveCfg = Release|x86
		{1FF60116-695A-48EA-B4AD-2B780A0E95DE}.Release|x86.Build.0 = Release|x86
		{37DFFD4B-A7B1-4700-B348-66B12CA07B58}.Debug|Any CPU.ActiveCfg = Debug|Any CPU
		{37DFFD4B-A7B1-4700-B348-66B12CA07B58}.Debug|Any CPU.Build.0 = Debug|Any CPU
		{37DFFD4B-A7B1-4700-B348-66B12CA07B58}.Debug|x64.ActiveCfg = Debug|x64
		{37DFFD4B-A7B1-4700-B348-66B12CA07B58}.Debug|x64.Build.0 = Debug|x64
		{37DFFD4B-A7B1-4700-B348-66B12CA07B58}.Debug|x86.ActiveCfg = Debug|x86
		{37DFFD4B-A7B1-4700-B348-66B12CA07B58}.Debug|x86.Build.0 = Debug|x86
		{37DFFD4B-A7B1-4700-B348-66B12CA07B58}.Release|Any CPU.ActiveCfg = Release|Any CPU
		{37DFFD4B-A7B1-4700-B348-66B12CA07B58}.Release|Any CPU.Build.0 = Release|Any CPU
		{37DFFD4B-A7B1-4700-B348-66B12CA07B58}.Release|x64.ActiveCfg = Release|x64
		{37DFFD4B-A7B1-4700-B348-66B12CA07B58}.Release|x64.Build.0 = Release|x64
		{37DFFD4B-A7B1-4700-B348-66B12CA07B58}.Release|x86.ActiveCfg = Release|x86
		{37DFFD4B-A7B1-4700-B348-66B12CA07B58}.Release|x86.Build.0 = Release|x86
		{EAD870B6-5867-4292-BE49-91346D2649F2}.Debug|Any CPU.ActiveCfg = Debug|Any CPU
		{EAD870B6-5867-4292-BE49-91346D2649F2}.Debug|Any CPU.Build.0 = Debug|Any CPU
		{EAD870B6-5867-4292-BE49-91346D2649F2}.Debug|x64.ActiveCfg = Debug|x64
		{EAD870B6-5867-4292-BE49-91346D2649F2}.Debug|x64.Build.0 = Debug|x64
		{EAD870B6-5867-4292-BE49-91346D2649F2}.Debug|x86.ActiveCfg = Debug|x86
		{EAD870B6-5867-4292-BE49-91346D2649F2}.Debug|x86.Build.0 = Debug|x86
		{EAD870B6-5867-4292-BE49-91346D2649F2}.Release|Any CPU.ActiveCfg = Release|Any CPU
		{EAD870B6-5867-4292-BE49-91346D2649F2}.Release|Any CPU.Build.0 = Release|Any CPU
		{EAD870B6-5867-4292-BE49-91346D2649F2}.Release|x64.ActiveCfg = Release|x64
		{EAD870B6-5867-4292-BE49-91346D2649F2}.Release|x64.Build.0 = Release|x64
		{EAD870B6-5867-4292-BE49-91346D2649F2}.Release|x86.ActiveCfg = Release|x86
		{EAD870B6-5867-4292-BE49-91346D2649F2}.Release|x86.Build.0 = Release|x86
		{28BBFC1E-D6BA-409F-BA06-7E22EFBF164E}.Debug|Any CPU.ActiveCfg = Debug|Any CPU
		{28BBFC1E-D6BA-409F-BA06-7E22EFBF164E}.Debug|Any CPU.Build.0 = Debug|Any CPU
		{28BBFC1E-D6BA-409F-BA06-7E22EFBF164E}.Debug|x64.ActiveCfg = Debug|x64
		{28BBFC1E-D6BA-409F-BA06-7E22EFBF164E}.Debug|x64.Build.0 = Debug|x64
		{28BBFC1E-D6BA-409F-BA06-7E22EFBF164E}.Debug|x86.ActiveCfg = Debug|x86
		{28BBFC1E-D6BA-409F-BA06-7E22EFBF164E}.Debug|x86.Build.0 = Debug|x86
		{28BBFC1E-D6BA-409F-BA06-7E22EFBF164E}.Release|Any CPU.ActiveCfg = Release|Any CPU
		{28BBFC1E-D6BA-409F-BA06-7E22EFBF164E}.Release|Any CPU.Build.0 = Release|Any CPU
		{28BBFC1E-D6BA-409F-BA06-7E22EFBF164E}.Release|x64.ActiveCfg = Release|x64
		{28BBFC1E-D6BA-409F-BA06-7E22EFBF164E}.Release|x64.Build.0 = Release|x64
		{28BBFC1E-D6BA-409F-BA06-7E22EFBF164E}.Release|x86.ActiveCfg = Release|x86
		{28BBFC1E-D6BA-409F-BA06-7E22EFBF164E}.Release|x86.Build.0 = Release|x86
		{880B203B-D315-4060-8947-AE93364E699B}.Debug|Any CPU.ActiveCfg = Debug|Any CPU
		{880B203B-D315-4060-8947-AE93364E699B}.Debug|Any CPU.Build.0 = Debug|Any CPU
		{880B203B-D315-4060-8947-AE93364E699B}.Debug|x64.ActiveCfg = Debug|x64
		{880B203B-D315-4060-8947-AE93364E699B}.Debug|x64.Build.0 = Debug|x64
		{880B203B-D315-4060-8947-AE93364E699B}.Debug|x86.ActiveCfg = Debug|x86
		{880B203B-D315-4060-8947-AE93364E699B}.Debug|x86.Build.0 = Debug|x86
		{880B203B-D315-4060-8947-AE93364E699B}.Release|Any CPU.ActiveCfg = Release|Any CPU
		{880B203B-D315-4060-8947-AE93364E699B}.Release|Any CPU.Build.0 = Release|Any CPU
		{880B203B-D315-4060-8947-AE93364E699B}.Release|x64.ActiveCfg = Release|x64
		{880B203B-D315-4060-8947-AE93364E699B}.Release|x64.Build.0 = Release|x64
		{880B203B-D315-4060-8947-AE93364E699B}.Release|x86.ActiveCfg = Release|x86
		{880B203B-D315-4060-8947-AE93364E699B}.Release|x86.Build.0 = Release|x86
		{7B99E152-2E1C-4D4A-80B8-E65CD63AFB82}.Debug|Any CPU.ActiveCfg = Debug|x64
		{7B99E152-2E1C-4D4A-80B8-E65CD63AFB82}.Debug|Any CPU.Build.0 = Debug|x64
		{7B99E152-2E1C-4D4A-80B8-E65CD63AFB82}.Debug|x64.ActiveCfg = Debug|x64
		{7B99E152-2E1C-4D4A-80B8-E65CD63AFB82}.Debug|x64.Build.0 = Debug|x64
		{7B99E152-2E1C-4D4A-80B8-E65CD63AFB82}.Debug|x86.ActiveCfg = Debug|x86
		{7B99E152-2E1C-4D4A-80B8-E65CD63AFB82}.Debug|x86.Build.0 = Debug|x86
		{7B99E152-2E1C-4D4A-80B8-E65CD63AFB82}.Release|Any CPU.ActiveCfg = Release|Any CPU
		{7B99E152-2E1C-4D4A-80B8-E65CD63AFB82}.Release|Any CPU.Build.0 = Release|Any CPU
		{7B99E152-2E1C-4D4A-80B8-E65CD63AFB82}.Release|x64.ActiveCfg = Release|x64
		{7B99E152-2E1C-4D4A-80B8-E65CD63AFB82}.Release|x64.Build.0 = Release|x64
		{7B99E152-2E1C-4D4A-80B8-E65CD63AFB82}.Release|x86.ActiveCfg = Release|x86
		{7B99E152-2E1C-4D4A-80B8-E65CD63AFB82}.Release|x86.Build.0 = Release|x86
		{A7117AB4-3CFC-49B8-9DD8-95B32A86E17D}.Debug|Any CPU.ActiveCfg = Debug|Any CPU
		{A7117AB4-3CFC-49B8-9DD8-95B32A86E17D}.Debug|Any CPU.Build.0 = Debug|Any CPU
		{A7117AB4-3CFC-49B8-9DD8-95B32A86E17D}.Debug|x64.ActiveCfg = Debug|x64
		{A7117AB4-3CFC-49B8-9DD8-95B32A86E17D}.Debug|x64.Build.0 = Debug|x64
		{A7117AB4-3CFC-49B8-9DD8-95B32A86E17D}.Debug|x86.ActiveCfg = Debug|x86
		{A7117AB4-3CFC-49B8-9DD8-95B32A86E17D}.Debug|x86.Build.0 = Debug|x86
		{A7117AB4-3CFC-49B8-9DD8-95B32A86E17D}.Release|Any CPU.ActiveCfg = Release|Any CPU
		{A7117AB4-3CFC-49B8-9DD8-95B32A86E17D}.Release|Any CPU.Build.0 = Release|Any CPU
		{A7117AB4-3CFC-49B8-9DD8-95B32A86E17D}.Release|x64.ActiveCfg = Release|x64
		{A7117AB4-3CFC-49B8-9DD8-95B32A86E17D}.Release|x64.Build.0 = Release|x64
		{A7117AB4-3CFC-49B8-9DD8-95B32A86E17D}.Release|x86.ActiveCfg = Release|x86
		{A7117AB4-3CFC-49B8-9DD8-95B32A86E17D}.Release|x86.Build.0 = Release|x86
		{6214FEF9-9914-44C7-8A78-CF95C4FE58CE}.Debug|Any CPU.ActiveCfg = Debug|Any CPU
		{6214FEF9-9914-44C7-8A78-CF95C4FE58CE}.Debug|Any CPU.Build.0 = Debug|Any CPU
		{6214FEF9-9914-44C7-8A78-CF95C4FE58CE}.Debug|x64.ActiveCfg = Debug|x64
		{6214FEF9-9914-44C7-8A78-CF95C4FE58CE}.Debug|x64.Build.0 = Debug|x64
		{6214FEF9-9914-44C7-8A78-CF95C4FE58CE}.Debug|x86.ActiveCfg = Debug|x86
		{6214FEF9-9914-44C7-8A78-CF95C4FE58CE}.Debug|x86.Build.0 = Debug|x86
		{6214FEF9-9914-44C7-8A78-CF95C4FE58CE}.Release|Any CPU.ActiveCfg = Release|Any CPU
		{6214FEF9-9914-44C7-8A78-CF95C4FE58CE}.Release|Any CPU.Build.0 = Release|Any CPU
		{6214FEF9-9914-44C7-8A78-CF95C4FE58CE}.Release|x64.ActiveCfg = Release|x64
		{6214FEF9-9914-44C7-8A78-CF95C4FE58CE}.Release|x64.Build.0 = Release|x64
		{6214FEF9-9914-44C7-8A78-CF95C4FE58CE}.Release|x86.ActiveCfg = Release|x86
		{6214FEF9-9914-44C7-8A78-CF95C4FE58CE}.Release|x86.Build.0 = Release|x86
		{BE1ED569-5E0B-4DF0-8964-33AD2AAE4C4A}.Debug|Any CPU.ActiveCfg = Debug|Any CPU
		{BE1ED569-5E0B-4DF0-8964-33AD2AAE4C4A}.Debug|Any CPU.Build.0 = Debug|Any CPU
		{BE1ED569-5E0B-4DF0-8964-33AD2AAE4C4A}.Debug|x64.ActiveCfg = Debug|x64
		{BE1ED569-5E0B-4DF0-8964-33AD2AAE4C4A}.Debug|x64.Build.0 = Debug|x64
		{BE1ED569-5E0B-4DF0-8964-33AD2AAE4C4A}.Debug|x86.ActiveCfg = Debug|x86
		{BE1ED569-5E0B-4DF0-8964-33AD2AAE4C4A}.Debug|x86.Build.0 = Debug|x86
		{BE1ED569-5E0B-4DF0-8964-33AD2AAE4C4A}.Release|Any CPU.ActiveCfg = Release|Any CPU
		{BE1ED569-5E0B-4DF0-8964-33AD2AAE4C4A}.Release|Any CPU.Build.0 = Release|Any CPU
		{BE1ED569-5E0B-4DF0-8964-33AD2AAE4C4A}.Release|x64.ActiveCfg = Release|x64
		{BE1ED569-5E0B-4DF0-8964-33AD2AAE4C4A}.Release|x64.Build.0 = Release|x64
		{BE1ED569-5E0B-4DF0-8964-33AD2AAE4C4A}.Release|x86.ActiveCfg = Release|x86
		{BE1ED569-5E0B-4DF0-8964-33AD2AAE4C4A}.Release|x86.Build.0 = Release|x86
		{AC3A8908-0254-49BD-9E16-048DAA28C1F1}.Debug|Any CPU.ActiveCfg = Debug|Any CPU
		{AC3A8908-0254-49BD-9E16-048DAA28C1F1}.Debug|Any CPU.Build.0 = Debug|Any CPU
		{AC3A8908-0254-49BD-9E16-048DAA28C1F1}.Debug|x64.ActiveCfg = Debug|x64
		{AC3A8908-0254-49BD-9E16-048DAA28C1F1}.Debug|x64.Build.0 = Debug|x64
		{AC3A8908-0254-49BD-9E16-048DAA28C1F1}.Debug|x86.ActiveCfg = Debug|x86
		{AC3A8908-0254-49BD-9E16-048DAA28C1F1}.Debug|x86.Build.0 = Debug|x86
		{AC3A8908-0254-49BD-9E16-048DAA28C1F1}.Release|Any CPU.ActiveCfg = Release|Any CPU
		{AC3A8908-0254-49BD-9E16-048DAA28C1F1}.Release|Any CPU.Build.0 = Release|Any CPU
		{AC3A8908-0254-49BD-9E16-048DAA28C1F1}.Release|x64.ActiveCfg = Release|x64
		{AC3A8908-0254-49BD-9E16-048DAA28C1F1}.Release|x64.Build.0 = Release|x64
		{AC3A8908-0254-49BD-9E16-048DAA28C1F1}.Release|x86.ActiveCfg = Release|x86
		{AC3A8908-0254-49BD-9E16-048DAA28C1F1}.Release|x86.Build.0 = Release|x86
		{1E173C52-1571-4971-A19D-6CD992104974}.Debug|Any CPU.ActiveCfg = Debug|Any CPU
		{1E173C52-1571-4971-A19D-6CD992104974}.Debug|Any CPU.Build.0 = Debug|Any CPU
		{1E173C52-1571-4971-A19D-6CD992104974}.Debug|x64.ActiveCfg = Debug|x64
		{1E173C52-1571-4971-A19D-6CD992104974}.Debug|x64.Build.0 = Debug|x64
		{1E173C52-1571-4971-A19D-6CD992104974}.Debug|x86.ActiveCfg = Debug|x86
		{1E173C52-1571-4971-A19D-6CD992104974}.Debug|x86.Build.0 = Debug|x86
		{1E173C52-1571-4971-A19D-6CD992104974}.Release|Any CPU.ActiveCfg = Release|Any CPU
		{1E173C52-1571-4971-A19D-6CD992104974}.Release|Any CPU.Build.0 = Release|Any CPU
		{1E173C52-1571-4971-A19D-6CD992104974}.Release|x64.ActiveCfg = Release|x64
		{1E173C52-1571-4971-A19D-6CD992104974}.Release|x64.Build.0 = Release|x64
		{1E173C52-1571-4971-A19D-6CD992104974}.Release|x86.ActiveCfg = Release|x86
		{1E173C52-1571-4971-A19D-6CD992104974}.Release|x86.Build.0 = Release|x86
		{7EE1DB90-CFFA-445B-B3BE-E813BDF577A6}.Debug|Any CPU.ActiveCfg = Debug|Any CPU
		{7EE1DB90-CFFA-445B-B3BE-E813BDF577A6}.Debug|Any CPU.Build.0 = Debug|Any CPU
		{7EE1DB90-CFFA-445B-B3BE-E813BDF577A6}.Debug|x64.ActiveCfg = Debug|x64
		{7EE1DB90-CFFA-445B-B3BE-E813BDF577A6}.Debug|x64.Build.0 = Debug|x64
		{7EE1DB90-CFFA-445B-B3BE-E813BDF577A6}.Debug|x86.ActiveCfg = Debug|x86
		{7EE1DB90-CFFA-445B-B3BE-E813BDF577A6}.Debug|x86.Build.0 = Debug|x86
		{7EE1DB90-CFFA-445B-B3BE-E813BDF577A6}.Release|Any CPU.ActiveCfg = Release|Any CPU
		{7EE1DB90-CFFA-445B-B3BE-E813BDF577A6}.Release|Any CPU.Build.0 = Release|Any CPU
		{7EE1DB90-CFFA-445B-B3BE-E813BDF577A6}.Release|x64.ActiveCfg = Release|x64
		{7EE1DB90-CFFA-445B-B3BE-E813BDF577A6}.Release|x64.Build.0 = Release|x64
		{7EE1DB90-CFFA-445B-B3BE-E813BDF577A6}.Release|x86.ActiveCfg = Release|x86
		{7EE1DB90-CFFA-445B-B3BE-E813BDF577A6}.Release|x86.Build.0 = Release|x86
		{8265E840-D680-43AE-9ADF-F85B59117EA2}.Debug|Any CPU.ActiveCfg = Debug|Any CPU
		{8265E840-D680-43AE-9ADF-F85B59117EA2}.Debug|Any CPU.Build.0 = Debug|Any CPU
		{8265E840-D680-43AE-9ADF-F85B59117EA2}.Debug|x64.ActiveCfg = Debug|x64
		{8265E840-D680-43AE-9ADF-F85B59117EA2}.Debug|x64.Build.0 = Debug|x64
		{8265E840-D680-43AE-9ADF-F85B59117EA2}.Debug|x86.ActiveCfg = Debug|x86
		{8265E840-D680-43AE-9ADF-F85B59117EA2}.Debug|x86.Build.0 = Debug|x86
		{8265E840-D680-43AE-9ADF-F85B59117EA2}.Release|Any CPU.ActiveCfg = Release|Any CPU
		{8265E840-D680-43AE-9ADF-F85B59117EA2}.Release|Any CPU.Build.0 = Release|Any CPU
		{8265E840-D680-43AE-9ADF-F85B59117EA2}.Release|x64.ActiveCfg = Release|x64
		{8265E840-D680-43AE-9ADF-F85B59117EA2}.Release|x64.Build.0 = Release|x64
		{8265E840-D680-43AE-9ADF-F85B59117EA2}.Release|x86.ActiveCfg = Release|x86
		{8265E840-D680-43AE-9ADF-F85B59117EA2}.Release|x86.Build.0 = Release|x86
		{595BABE4-DB7C-4F36-AF6B-DF7264349E11}.Debug|Any CPU.ActiveCfg = Debug|Any CPU
		{595BABE4-DB7C-4F36-AF6B-DF7264349E11}.Debug|Any CPU.Build.0 = Debug|Any CPU
		{595BABE4-DB7C-4F36-AF6B-DF7264349E11}.Debug|x64.ActiveCfg = Debug|x64
		{595BABE4-DB7C-4F36-AF6B-DF7264349E11}.Debug|x64.Build.0 = Debug|x64
		{595BABE4-DB7C-4F36-AF6B-DF7264349E11}.Debug|x86.ActiveCfg = Debug|x86
		{595BABE4-DB7C-4F36-AF6B-DF7264349E11}.Debug|x86.Build.0 = Debug|x86
		{595BABE4-DB7C-4F36-AF6B-DF7264349E11}.Release|Any CPU.ActiveCfg = Release|Any CPU
		{595BABE4-DB7C-4F36-AF6B-DF7264349E11}.Release|Any CPU.Build.0 = Release|Any CPU
		{595BABE4-DB7C-4F36-AF6B-DF7264349E11}.Release|x64.ActiveCfg = Release|x64
		{595BABE4-DB7C-4F36-AF6B-DF7264349E11}.Release|x64.Build.0 = Release|x64
		{595BABE4-DB7C-4F36-AF6B-DF7264349E11}.Release|x86.ActiveCfg = Release|x86
		{595BABE4-DB7C-4F36-AF6B-DF7264349E11}.Release|x86.Build.0 = Release|x86
		{388A46E0-C37C-4B54-A1E9-48B230109932}.Debug|Any CPU.ActiveCfg = Debug|Any CPU
		{388A46E0-C37C-4B54-A1E9-48B230109932}.Debug|Any CPU.Build.0 = Debug|Any CPU
		{388A46E0-C37C-4B54-A1E9-48B230109932}.Debug|x64.ActiveCfg = Debug|x64
		{388A46E0-C37C-4B54-A1E9-48B230109932}.Debug|x64.Build.0 = Debug|x64
		{388A46E0-C37C-4B54-A1E9-48B230109932}.Debug|x86.ActiveCfg = Debug|x86
		{388A46E0-C37C-4B54-A1E9-48B230109932}.Debug|x86.Build.0 = Debug|x86
		{388A46E0-C37C-4B54-A1E9-48B230109932}.Release|Any CPU.ActiveCfg = Release|Any CPU
		{388A46E0-C37C-4B54-A1E9-48B230109932}.Release|Any CPU.Build.0 = Release|Any CPU
		{388A46E0-C37C-4B54-A1E9-48B230109932}.Release|x64.ActiveCfg = Release|x64
		{388A46E0-C37C-4B54-A1E9-48B230109932}.Release|x64.Build.0 = Release|x64
		{388A46E0-C37C-4B54-A1E9-48B230109932}.Release|x86.ActiveCfg = Release|x86
		{388A46E0-C37C-4B54-A1E9-48B230109932}.Release|x86.Build.0 = Release|x86
		{7E08565A-7027-4E83-A65D-A4C63C826173}.Debug|Any CPU.ActiveCfg = Debug|Any CPU
		{7E08565A-7027-4E83-A65D-A4C63C826173}.Debug|Any CPU.Build.0 = Debug|Any CPU
		{7E08565A-7027-4E83-A65D-A4C63C826173}.Debug|x64.ActiveCfg = Debug|x64
		{7E08565A-7027-4E83-A65D-A4C63C826173}.Debug|x64.Build.0 = Debug|x64
		{7E08565A-7027-4E83-A65D-A4C63C826173}.Debug|x86.ActiveCfg = Debug|x86
		{7E08565A-7027-4E83-A65D-A4C63C826173}.Debug|x86.Build.0 = Debug|x86
		{7E08565A-7027-4E83-A65D-A4C63C826173}.Release|Any CPU.ActiveCfg = Release|Any CPU
		{7E08565A-7027-4E83-A65D-A4C63C826173}.Release|Any CPU.Build.0 = Release|Any CPU
		{7E08565A-7027-4E83-A65D-A4C63C826173}.Release|x64.ActiveCfg = Release|x64
		{7E08565A-7027-4E83-A65D-A4C63C826173}.Release|x64.Build.0 = Release|x64
		{7E08565A-7027-4E83-A65D-A4C63C826173}.Release|x86.ActiveCfg = Release|x86
		{7E08565A-7027-4E83-A65D-A4C63C826173}.Release|x86.Build.0 = Release|x86
		{240CC819-A0E2-4E3A-8E47-1DACCF12A077}.Debug|Any CPU.ActiveCfg = Debug|Any CPU
		{240CC819-A0E2-4E3A-8E47-1DACCF12A077}.Debug|Any CPU.Build.0 = Debug|Any CPU
		{240CC819-A0E2-4E3A-8E47-1DACCF12A077}.Debug|x64.ActiveCfg = Debug|x64
		{240CC819-A0E2-4E3A-8E47-1DACCF12A077}.Debug|x64.Build.0 = Debug|x64
		{240CC819-A0E2-4E3A-8E47-1DACCF12A077}.Debug|x86.ActiveCfg = Debug|x86
		{240CC819-A0E2-4E3A-8E47-1DACCF12A077}.Debug|x86.Build.0 = Debug|x86
		{240CC819-A0E2-4E3A-8E47-1DACCF12A077}.Release|Any CPU.ActiveCfg = Release|Any CPU
		{240CC819-A0E2-4E3A-8E47-1DACCF12A077}.Release|Any CPU.Build.0 = Release|Any CPU
		{240CC819-A0E2-4E3A-8E47-1DACCF12A077}.Release|x64.ActiveCfg = Release|x64
		{240CC819-A0E2-4E3A-8E47-1DACCF12A077}.Release|x64.Build.0 = Release|x64
		{240CC819-A0E2-4E3A-8E47-1DACCF12A077}.Release|x86.ActiveCfg = Release|x86
		{240CC819-A0E2-4E3A-8E47-1DACCF12A077}.Release|x86.Build.0 = Release|x86
		{902A7EA2-23C9-4032-A000-36E12F6C0E4E}.Debug|Any CPU.ActiveCfg = Debug|Any CPU
		{902A7EA2-23C9-4032-A000-36E12F6C0E4E}.Debug|Any CPU.Build.0 = Debug|Any CPU
		{902A7EA2-23C9-4032-A000-36E12F6C0E4E}.Debug|x64.ActiveCfg = Debug|x64
		{902A7EA2-23C9-4032-A000-36E12F6C0E4E}.Debug|x64.Build.0 = Debug|x64
		{902A7EA2-23C9-4032-A000-36E12F6C0E4E}.Debug|x86.ActiveCfg = Debug|x86
		{902A7EA2-23C9-4032-A000-36E12F6C0E4E}.Debug|x86.Build.0 = Debug|x86
		{902A7EA2-23C9-4032-A000-36E12F6C0E4E}.Release|Any CPU.ActiveCfg = Release|Any CPU
		{902A7EA2-23C9-4032-A000-36E12F6C0E4E}.Release|Any CPU.Build.0 = Release|Any CPU
		{902A7EA2-23C9-4032-A000-36E12F6C0E4E}.Release|x64.ActiveCfg = Release|x64
		{902A7EA2-23C9-4032-A000-36E12F6C0E4E}.Release|x64.Build.0 = Release|x64
		{902A7EA2-23C9-4032-A000-36E12F6C0E4E}.Release|x86.ActiveCfg = Release|x86
		{902A7EA2-23C9-4032-A000-36E12F6C0E4E}.Release|x86.Build.0 = Release|x86
		{F6025175-8CB5-410F-967B-7DE8379C9004}.Debug|Any CPU.ActiveCfg = Debug|Any CPU
		{F6025175-8CB5-410F-967B-7DE8379C9004}.Debug|Any CPU.Build.0 = Debug|Any CPU
		{F6025175-8CB5-410F-967B-7DE8379C9004}.Debug|x64.ActiveCfg = Debug|x64
		{F6025175-8CB5-410F-967B-7DE8379C9004}.Debug|x64.Build.0 = Debug|x64
		{F6025175-8CB5-410F-967B-7DE8379C9004}.Debug|x86.ActiveCfg = Debug|x86
		{F6025175-8CB5-410F-967B-7DE8379C9004}.Debug|x86.Build.0 = Debug|x86
		{F6025175-8CB5-410F-967B-7DE8379C9004}.Release|Any CPU.ActiveCfg = Release|Any CPU
		{F6025175-8CB5-410F-967B-7DE8379C9004}.Release|Any CPU.Build.0 = Release|Any CPU
		{F6025175-8CB5-410F-967B-7DE8379C9004}.Release|x64.ActiveCfg = Release|x64
		{F6025175-8CB5-410F-967B-7DE8379C9004}.Release|x64.Build.0 = Release|x64
		{F6025175-8CB5-410F-967B-7DE8379C9004}.Release|x86.ActiveCfg = Release|x86
		{F6025175-8CB5-410F-967B-7DE8379C9004}.Release|x86.Build.0 = Release|x86
		{C1D96913-F384-4425-88B3-6A06F25C6EDD}.Debug|Any CPU.ActiveCfg = Debug|Any CPU
		{C1D96913-F384-4425-88B3-6A06F25C6EDD}.Debug|Any CPU.Build.0 = Debug|Any CPU
		{C1D96913-F384-4425-88B3-6A06F25C6EDD}.Debug|x64.ActiveCfg = Debug|x64
		{C1D96913-F384-4425-88B3-6A06F25C6EDD}.Debug|x64.Build.0 = Debug|x64
		{C1D96913-F384-4425-88B3-6A06F25C6EDD}.Debug|x86.ActiveCfg = Debug|x86
		{C1D96913-F384-4425-88B3-6A06F25C6EDD}.Debug|x86.Build.0 = Debug|x86
		{C1D96913-F384-4425-88B3-6A06F25C6EDD}.Release|Any CPU.ActiveCfg = Release|Any CPU
		{C1D96913-F384-4425-88B3-6A06F25C6EDD}.Release|Any CPU.Build.0 = Release|Any CPU
		{C1D96913-F384-4425-88B3-6A06F25C6EDD}.Release|x64.ActiveCfg = Release|x64
		{C1D96913-F384-4425-88B3-6A06F25C6EDD}.Release|x64.Build.0 = Release|x64
		{C1D96913-F384-4425-88B3-6A06F25C6EDD}.Release|x86.ActiveCfg = Release|x86
		{C1D96913-F384-4425-88B3-6A06F25C6EDD}.Release|x86.Build.0 = Release|x86
		{AAA28D22-0B47-4E2A-932C-EF89CD314307}.Debug|Any CPU.ActiveCfg = Debug|Any CPU
		{AAA28D22-0B47-4E2A-932C-EF89CD314307}.Debug|Any CPU.Build.0 = Debug|Any CPU
		{AAA28D22-0B47-4E2A-932C-EF89CD314307}.Debug|x64.ActiveCfg = Debug|x64
		{AAA28D22-0B47-4E2A-932C-EF89CD314307}.Debug|x64.Build.0 = Debug|x64
		{AAA28D22-0B47-4E2A-932C-EF89CD314307}.Debug|x86.ActiveCfg = Debug|x86
		{AAA28D22-0B47-4E2A-932C-EF89CD314307}.Debug|x86.Build.0 = Debug|x86
		{AAA28D22-0B47-4E2A-932C-EF89CD314307}.Release|Any CPU.ActiveCfg = Release|Any CPU
		{AAA28D22-0B47-4E2A-932C-EF89CD314307}.Release|Any CPU.Build.0 = Release|Any CPU
		{AAA28D22-0B47-4E2A-932C-EF89CD314307}.Release|x64.ActiveCfg = Release|x64
		{AAA28D22-0B47-4E2A-932C-EF89CD314307}.Release|x64.Build.0 = Release|x64
		{AAA28D22-0B47-4E2A-932C-EF89CD314307}.Release|x86.ActiveCfg = Release|x86
		{AAA28D22-0B47-4E2A-932C-EF89CD314307}.Release|x86.Build.0 = Release|x86
		{AC656711-AF05-459E-A77A-C073D740A527}.Debug|Any CPU.ActiveCfg = Debug|Any CPU
		{AC656711-AF05-459E-A77A-C073D740A527}.Debug|Any CPU.Build.0 = Debug|Any CPU
		{AC656711-AF05-459E-A77A-C073D740A527}.Debug|x64.ActiveCfg = Debug|x64
		{AC656711-AF05-459E-A77A-C073D740A527}.Debug|x64.Build.0 = Debug|x64
		{AC656711-AF05-459E-A77A-C073D740A527}.Debug|x86.ActiveCfg = Debug|x86
		{AC656711-AF05-459E-A77A-C073D740A527}.Debug|x86.Build.0 = Debug|x86
		{AC656711-AF05-459E-A77A-C073D740A527}.Release|Any CPU.ActiveCfg = Release|Any CPU
		{AC656711-AF05-459E-A77A-C073D740A527}.Release|Any CPU.Build.0 = Release|Any CPU
		{AC656711-AF05-459E-A77A-C073D740A527}.Release|x64.ActiveCfg = Release|x64
		{AC656711-AF05-459E-A77A-C073D740A527}.Release|x64.Build.0 = Release|x64
		{AC656711-AF05-459E-A77A-C073D740A527}.Release|x86.ActiveCfg = Release|x86
		{AC656711-AF05-459E-A77A-C073D740A527}.Release|x86.Build.0 = Release|x86
		{E0137DEC-58C3-4C2A-9BFD-B6287FCDCDCD}.Debug|Any CPU.ActiveCfg = Debug|x64
		{E0137DEC-58C3-4C2A-9BFD-B6287FCDCDCD}.Debug|Any CPU.Build.0 = Debug|x64
		{E0137DEC-58C3-4C2A-9BFD-B6287FCDCDCD}.Debug|x64.ActiveCfg = Debug|x64
		{E0137DEC-58C3-4C2A-9BFD-B6287FCDCDCD}.Debug|x64.Build.0 = Debug|x64
		{E0137DEC-58C3-4C2A-9BFD-B6287FCDCDCD}.Debug|x86.ActiveCfg = Debug|x86
		{E0137DEC-58C3-4C2A-9BFD-B6287FCDCDCD}.Debug|x86.Build.0 = Debug|x86
		{E0137DEC-58C3-4C2A-9BFD-B6287FCDCDCD}.Release|Any CPU.ActiveCfg = Release|Any CPU
		{E0137DEC-58C3-4C2A-9BFD-B6287FCDCDCD}.Release|Any CPU.Build.0 = Release|Any CPU
		{E0137DEC-58C3-4C2A-9BFD-B6287FCDCDCD}.Release|x64.ActiveCfg = Release|x64
		{E0137DEC-58C3-4C2A-9BFD-B6287FCDCDCD}.Release|x64.Build.0 = Release|x64
		{E0137DEC-58C3-4C2A-9BFD-B6287FCDCDCD}.Release|x86.ActiveCfg = Release|x86
		{E0137DEC-58C3-4C2A-9BFD-B6287FCDCDCD}.Release|x86.Build.0 = Release|x86
		{FC789CF9-5928-4F9C-BED3-A42B99F8513B}.Debug|Any CPU.ActiveCfg = Debug
		{FC789CF9-5928-4F9C-BED3-A42B99F8513B}.Debug|Any CPU.Build.0 = Debug
		{FC789CF9-5928-4F9C-BED3-A42B99F8513B}.Debug|x64.ActiveCfg = Debug
		{FC789CF9-5928-4F9C-BED3-A42B99F8513B}.Debug|x64.Build.0 = Debug
		{FC789CF9-5928-4F9C-BED3-A42B99F8513B}.Debug|x86.ActiveCfg = Debug
		{FC789CF9-5928-4F9C-BED3-A42B99F8513B}.Debug|x86.Build.0 = Debug
		{FC789CF9-5928-4F9C-BED3-A42B99F8513B}.Release|Any CPU.ActiveCfg = Release
		{FC789CF9-5928-4F9C-BED3-A42B99F8513B}.Release|Any CPU.Build.0 = Release
		{FC789CF9-5928-4F9C-BED3-A42B99F8513B}.Release|x64.ActiveCfg = Release
		{FC789CF9-5928-4F9C-BED3-A42B99F8513B}.Release|x64.Build.0 = Release
		{FC789CF9-5928-4F9C-BED3-A42B99F8513B}.Release|x86.ActiveCfg = Release
		{FC789CF9-5928-4F9C-BED3-A42B99F8513B}.Release|x86.Build.0 = Release
		{55AFF630-1626-4431-AE1B-5E21CCCA20D3}.Debug|Any CPU.ActiveCfg = Debug
		{55AFF630-1626-4431-AE1B-5E21CCCA20D3}.Debug|Any CPU.Build.0 = Debug
		{55AFF630-1626-4431-AE1B-5E21CCCA20D3}.Debug|x64.ActiveCfg = Debug
		{55AFF630-1626-4431-AE1B-5E21CCCA20D3}.Debug|x64.Build.0 = Debug
		{55AFF630-1626-4431-AE1B-5E21CCCA20D3}.Debug|x86.ActiveCfg = Debug
		{55AFF630-1626-4431-AE1B-5E21CCCA20D3}.Debug|x86.Build.0 = Debug
		{55AFF630-1626-4431-AE1B-5E21CCCA20D3}.Release|Any CPU.ActiveCfg = Release
		{55AFF630-1626-4431-AE1B-5E21CCCA20D3}.Release|Any CPU.Build.0 = Release
		{55AFF630-1626-4431-AE1B-5E21CCCA20D3}.Release|x64.ActiveCfg = Release
		{55AFF630-1626-4431-AE1B-5E21CCCA20D3}.Release|x64.Build.0 = Release
		{55AFF630-1626-4431-AE1B-5E21CCCA20D3}.Release|x86.ActiveCfg = Release
		{55AFF630-1626-4431-AE1B-5E21CCCA20D3}.Release|x86.Build.0 = Release
		{6C61E671-D2A7-4294-9B34-8AE3FD202C2A}.Debug|Any CPU.ActiveCfg = Debug
		{6C61E671-D2A7-4294-9B34-8AE3FD202C2A}.Debug|Any CPU.Build.0 = Debug
		{6C61E671-D2A7-4294-9B34-8AE3FD202C2A}.Debug|x64.ActiveCfg = Debug
		{6C61E671-D2A7-4294-9B34-8AE3FD202C2A}.Debug|x64.Build.0 = Debug
		{6C61E671-D2A7-4294-9B34-8AE3FD202C2A}.Debug|x86.ActiveCfg = Debug
		{6C61E671-D2A7-4294-9B34-8AE3FD202C2A}.Debug|x86.Build.0 = Debug
		{6C61E671-D2A7-4294-9B34-8AE3FD202C2A}.Release|Any CPU.ActiveCfg = Release
		{6C61E671-D2A7-4294-9B34-8AE3FD202C2A}.Release|Any CPU.Build.0 = Release
		{6C61E671-D2A7-4294-9B34-8AE3FD202C2A}.Release|x64.ActiveCfg = Release
		{6C61E671-D2A7-4294-9B34-8AE3FD202C2A}.Release|x64.Build.0 = Release
		{6C61E671-D2A7-4294-9B34-8AE3FD202C2A}.Release|x86.ActiveCfg = Release
		{6C61E671-D2A7-4294-9B34-8AE3FD202C2A}.Release|x86.Build.0 = Release
		{7DBE6BED-8886-4A00-9125-54BEE5B01062}.Debug|Any CPU.ActiveCfg = Debug
		{7DBE6BED-8886-4A00-9125-54BEE5B01062}.Debug|Any CPU.Build.0 = Debug
		{7DBE6BED-8886-4A00-9125-54BEE5B01062}.Debug|x64.ActiveCfg = Debug
		{7DBE6BED-8886-4A00-9125-54BEE5B01062}.Debug|x64.Build.0 = Debug
		{7DBE6BED-8886-4A00-9125-54BEE5B01062}.Debug|x86.ActiveCfg = Debug
		{7DBE6BED-8886-4A00-9125-54BEE5B01062}.Debug|x86.Build.0 = Debug
		{7DBE6BED-8886-4A00-9125-54BEE5B01062}.Release|Any CPU.ActiveCfg = Release
		{7DBE6BED-8886-4A00-9125-54BEE5B01062}.Release|Any CPU.Build.0 = Release
		{7DBE6BED-8886-4A00-9125-54BEE5B01062}.Release|x64.ActiveCfg = Release
		{7DBE6BED-8886-4A00-9125-54BEE5B01062}.Release|x64.Build.0 = Release
		{7DBE6BED-8886-4A00-9125-54BEE5B01062}.Release|x86.ActiveCfg = Release
		{7DBE6BED-8886-4A00-9125-54BEE5B01062}.Release|x86.Build.0 = Release
		{E43AB0E8-C34C-43DF-931D-5BA63BA08526}.Debug|Any CPU.ActiveCfg = Debug
		{E43AB0E8-C34C-43DF-931D-5BA63BA08526}.Debug|Any CPU.Build.0 = Debug
		{E43AB0E8-C34C-43DF-931D-5BA63BA08526}.Debug|x64.ActiveCfg = Debug
		{E43AB0E8-C34C-43DF-931D-5BA63BA08526}.Debug|x64.Build.0 = Debug
		{E43AB0E8-C34C-43DF-931D-5BA63BA08526}.Debug|x86.ActiveCfg = Debug
		{E43AB0E8-C34C-43DF-931D-5BA63BA08526}.Debug|x86.Build.0 = Debug
		{E43AB0E8-C34C-43DF-931D-5BA63BA08526}.Release|Any CPU.ActiveCfg = Release
		{E43AB0E8-C34C-43DF-931D-5BA63BA08526}.Release|Any CPU.Build.0 = Release
		{E43AB0E8-C34C-43DF-931D-5BA63BA08526}.Release|x64.ActiveCfg = Release
		{E43AB0E8-C34C-43DF-931D-5BA63BA08526}.Release|x64.Build.0 = Release
		{E43AB0E8-C34C-43DF-931D-5BA63BA08526}.Release|x86.ActiveCfg = Release
		{E43AB0E8-C34C-43DF-931D-5BA63BA08526}.Release|x86.Build.0 = Release
		{9F295FF0-268B-40EC-8A05-0E8FD70418F5}.Debug|Any CPU.ActiveCfg = Debug|Any CPU
		{9F295FF0-268B-40EC-8A05-0E8FD70418F5}.Debug|Any CPU.Build.0 = Debug|Any CPU
		{9F295FF0-268B-40EC-8A05-0E8FD70418F5}.Debug|x64.ActiveCfg = Debug|x64
		{9F295FF0-268B-40EC-8A05-0E8FD70418F5}.Debug|x64.Build.0 = Debug|x64
		{9F295FF0-268B-40EC-8A05-0E8FD70418F5}.Debug|x86.ActiveCfg = Debug|x86
		{9F295FF0-268B-40EC-8A05-0E8FD70418F5}.Debug|x86.Build.0 = Debug|x86
		{9F295FF0-268B-40EC-8A05-0E8FD70418F5}.Release|Any CPU.ActiveCfg = Release|Any CPU
		{9F295FF0-268B-40EC-8A05-0E8FD70418F5}.Release|Any CPU.Build.0 = Release|Any CPU
		{9F295FF0-268B-40EC-8A05-0E8FD70418F5}.Release|x64.ActiveCfg = Release|x64
		{9F295FF0-268B-40EC-8A05-0E8FD70418F5}.Release|x64.Build.0 = Release|x64
		{9F295FF0-268B-40EC-8A05-0E8FD70418F5}.Release|x86.ActiveCfg = Release|x86
		{9F295FF0-268B-40EC-8A05-0E8FD70418F5}.Release|x86.Build.0 = Release|x86
	EndGlobalSection
	GlobalSection(SolutionProperties) = preSolution
		HideSolutionNode = FALSE
	EndGlobalSection
EndGlobal
